
Microsoft Visual Studio Solution File, Format Version 12.00
# Visual Studio Version 17
VisualStudioVersion = 17.12.35514.174 d17.12
MinimumVisualStudioVersion = 10.0.40219.1
Project("{FAE04EC0-301F-11D3-BF4B-00C04F79EFBC}") = "Website", "Website.csproj", "{957F87CB-0B90-4569-9F8F-A075713DB498}"
EndProject
Global
	GlobalSection(SolutionConfigurationPlatforms) = preSolution
		Debug|Any CPU = Debug|Any CPU
		Release|Any CPU = Release|Any CPU
	EndGlobalSection
	GlobalSection(ProjectConfigurationPlatforms) = postSolution
		{957F87CB-0B90-4569-9F8F-A075713DB498}.Debug|Any CPU.ActiveCfg = Debug|Any CPU
		{957F87CB-0B90-4569-9F8F-A075713DB498}.Debug|Any CPU.Build.0 = Debug|Any CPU
		{957F87CB-0B90-4569-9F8F-A075713DB498}.Release|Any CPU.ActiveCfg = Release|Any CPU
		{957F87CB-0B90-4569-9F8F-A075713DB498}.Release|Any CPU.Build.0 = Release|Any CPU
	EndGlobalSection
	GlobalSection(SolutionProperties) = preSolution
		HideSolutionNode = FALSE
	EndGlobalSection
EndGlobal
